
Microsoft Visual Studio Solution File, Format Version 12.00
# Visual Studio Version 17
VisualStudioVersion = 17.7.34024.191
MinimumVisualStudioVersion = 10.0.40219.1
Project("{FAE04EC0-301F-11D3-BF4B-00C04F79EFBC}") = "ProQTestTask.Main", "ProQTestTask.Main.csproj", "{AE16B95A-DB23-45AA-B328-7C7083522164}"
EndProject
Project("{FAE04EC0-301F-11D3-BF4B-00C04F79EFBC}") = "ProQTestTask.Tests", "..\ProQTestTask.Tests\ProQTestTask.Tests.csproj", "{E73B3DA0-A561-4D5B-B5A2-44E35A4C019C}"
EndProject
Global
	GlobalSection(SolutionConfigurationPlatforms) = preSolution
		Debug|Any CPU = Debug|Any CPU
		Release|Any CPU = Release|Any CPU
	EndGlobalSection
	GlobalSection(ProjectConfigurationPlatforms) = postSolution
		{AE16B95A-DB23-45AA-B328-7C7083522164}.Debug|Any CPU.ActiveCfg = Debug|Any CPU
		{AE16B95A-DB23-45AA-B328-7C7083522164}.Debug|Any CPU.Build.0 = Debug|Any CPU
		{AE16B95A-DB23-45AA-B328-7C7083522164}.Release|Any CPU.ActiveCfg = Release|Any CPU
		{AE16B95A-DB23-45AA-B328-7C7083522164}.Release|Any CPU.Build.0 = Release|Any CPU
		{E73B3DA0-A561-4D5B-B5A2-44E35A4C019C}.Debug|Any CPU.ActiveCfg = Debug|Any CPU
		{E73B3DA0-A561-4D5B-B5A2-44E35A4C019C}.Debug|Any CPU.Build.0 = Debug|Any CPU
		{E73B3DA0-A561-4D5B-B5A2-44E35A4C019C}.Release|Any CPU.ActiveCfg = Release|Any CPU
		{E73B3DA0-A561-4D5B-B5A2-44E35A4C019C}.Release|Any CPU.Build.0 = Release|Any CPU
	EndGlobalSection
	GlobalSection(SolutionProperties) = preSolution
		HideSolutionNode = FALSE
	EndGlobalSection
	GlobalSection(ExtensibilityGlobals) = postSolution
		SolutionGuid = {E244C346-D02B-4703-9354-20BADE6A82AB}
	EndGlobalSection
EndGlobal
